
Microsoft Visual Studio Solution File, Format Version 12.00
# Visual Studio Version 17
VisualStudioVersion = 17.8.34511.84
MinimumVisualStudioVersion = 10.0.40219.1
Project("{9A19103F-16F7-4668-BE54-9A1E7A4F7556}") = "FPTShareLaptop_Controller", "FPTShareLaptop_Controller\FPTShareLaptop_Controller.csproj", "{D2972E96-3138-404A-9E65-A81595FDD467}"
EndProject
Project("{9A19103F-16F7-4668-BE54-9A1E7A4F7556}") = "BusinessObjects", "BusinessObjects\BusinessObjects.csproj", "{866DCF68-2C74-440F-914B-8FC3A784E502}"
EndProject
Project("{FAE04EC0-301F-11D3-BF4B-00C04F79EFBC}") = "DataAccess", "DataAccess\DataAccess.csproj", "{15473A44-02AC-4EA4-B28C-8367AA0D0E61}"
EndProject
Project("{FAE04EC0-301F-11D3-BF4B-00C04F79EFBC}") = "Service", "Service\Service.csproj", "{43B9E09F-69B8-437D-9793-FAAA44E81C85}"
EndProject
Global
	GlobalSection(SolutionConfigurationPlatforms) = preSolution
		Debug|Any CPU = Debug|Any CPU
		Release|Any CPU = Release|Any CPU
	EndGlobalSection
	GlobalSection(ProjectConfigurationPlatforms) = postSolution
		{D2972E96-3138-404A-9E65-A81595FDD467}.Debug|Any CPU.ActiveCfg = Debug|Any CPU
		{D2972E96-3138-404A-9E65-A81595FDD467}.Debug|Any CPU.Build.0 = Debug|Any CPU
		{D2972E96-3138-404A-9E65-A81595FDD467}.Release|Any CPU.ActiveCfg = Release|Any CPU
		{D2972E96-3138-404A-9E65-A81595FDD467}.Release|Any CPU.Build.0 = Release|Any CPU
		{866DCF68-2C74-440F-914B-8FC3A784E502}.Debug|Any CPU.ActiveCfg = Debug|Any CPU
		{866DCF68-2C74-440F-914B-8FC3A784E502}.Debug|Any CPU.Build.0 = Debug|Any CPU
		{866DCF68-2C74-440F-914B-8FC3A784E502}.Release|Any CPU.ActiveCfg = Release|Any CPU
		{866DCF68-2C74-440F-914B-8FC3A784E502}.Release|Any CPU.Build.0 = Release|Any CPU
		{15473A44-02AC-4EA4-B28C-8367AA0D0E61}.Debug|Any CPU.ActiveCfg = Debug|Any CPU
		{15473A44-02AC-4EA4-B28C-8367AA0D0E61}.Debug|Any CPU.Build.0 = Debug|Any CPU
		{15473A44-02AC-4EA4-B28C-8367AA0D0E61}.Release|Any CPU.ActiveCfg = Release|Any CPU
		{15473A44-02AC-4EA4-B28C-8367AA0D0E61}.Release|Any CPU.Build.0 = Release|Any CPU
		{43B9E09F-69B8-437D-9793-FAAA44E81C85}.Debug|Any CPU.ActiveCfg = Debug|Any CPU
		{43B9E09F-69B8-437D-9793-FAAA44E81C85}.Debug|Any CPU.Build.0 = Debug|Any CPU
		{43B9E09F-69B8-437D-9793-FAAA44E81C85}.Release|Any CPU.ActiveCfg = Release|Any CPU
		{43B9E09F-69B8-437D-9793-FAAA44E81C85}.Release|Any CPU.Build.0 = Release|Any CPU
	EndGlobalSection
	GlobalSection(SolutionProperties) = preSolution
		HideSolutionNode = FALSE
	EndGlobalSection
	GlobalSection(ExtensibilityGlobals) = postSolution
		SolutionGuid = {0CE9CD3A-D889-4B99-B749-678779E1C945}
	EndGlobalSection
EndGlobal
